
Microsoft Visual Studio Solution File, Format Version 12.00
# Visual Studio 15
VisualStudioVersion = 15.0.26730.15
MinimumVisualStudioVersion = 10.0.40219.1
Project("{FAE04EC0-301F-11D3-BF4B-00C04F79EFBC}") = "tab2space", "tab2space\tab2space.csproj", "{49075F6E-2031-4A02-A537-12F098817ACA}"
EndProject
Global
	GlobalSection(SolutionConfigurationPlatforms) = preSolution
		Debug|Any CPU = Debug|Any CPU
		Release|Any CPU = Release|Any CPU
	EndGlobalSection
	GlobalSection(ProjectConfigurationPlatforms) = postSolution
		{49075F6E-2031-4A02-A537-12F098817ACA}.Debug|Any CPU.ActiveCfg = Debug|Any CPU
		{49075F6E-2031-4A02-A537-12F098817ACA}.Debug|Any CPU.Build.0 = Debug|Any CPU
		{49075F6E-2031-4A02-A537-12F098817ACA}.Release|Any CPU.ActiveCfg = Release|Any CPU
		{49075F6E-2031-4A02-A537-12F098817ACA}.Release|Any CPU.Build.0 = Release|Any CPU
	EndGlobalSection
	GlobalSection(SolutionProperties) = preSolution
		HideSolutionNode = FALSE
	EndGlobalSection
	GlobalSection(ExtensibilityGlobals) = postSolution
		SolutionGuid = {631E6028-492A-4FDE-B75E-E4DAE242FB24}
	EndGlobalSection
EndGlobal
